
Microsoft Visual Studio Solution File, Format Version 12.00
# Visual Studio Version 17
VisualStudioVersion = 17.10.35013.160
MinimumVisualStudioVersion = 10.0.40219.1
Project("{2150E333-8FDC-42A3-9474-1A3956D46DE8}") = "Task0", "Task0", "{33E2CADB-270F-4D0A-828E-0AC69021BA52}"
EndProject
Project("{9A19103F-16F7-4668-BE54-9A1E7A4F7556}") = "Tyuiu.SenachevAV.Sprint0.Task0.V0", "ConsoleApp1\Tyuiu.SenachevAV.Sprint0.Task0.V0.csproj", "{1C06389C-9ACD-4977-8F07-160AB5A07777}"
EndProject
Project("{2150E333-8FDC-42A3-9474-1A3956D46DE8}") = "Task1", "Task1", "{AC33BE8A-CE38-41F0-85AA-3C1E2517453A}"
EndProject
Project("{9A19103F-16F7-4668-BE54-9A1E7A4F7556}") = "Tyuiu.SenachevAV.Sprint0.Task1.V0", "Tyuiu.SenachevAV.Sprint1.Task1.V0\Tyuiu.SenachevAV.Sprint0.Task1.V0.csproj", "{DADB656C-168E-4854-AFD6-122540C8E7D9}"
EndProject
Project("{2150E333-8FDC-42A3-9474-1A3956D46DE8}") = "Task2", "Task2", "{74B49414-E30C-4C2E-A540-20C40E2FC3E9}"
EndProject
Project("{9A19103F-16F7-4668-BE54-9A1E7A4F7556}") = "Tyuiu.SenachevAV.Sprint0.Task2.V0", "Tyuiu.SenachevAV.Sprint0.Task2.V0\Tyuiu.SenachevAV.Sprint0.Task2.V0.csproj", "{E593A293-B591-4BBA-81E4-7D9B5D568423}"
EndProject
Project("{9A19103F-16F7-4668-BE54-9A1E7A4F7556}") = "Tyuiu.SenachevAV.Sprint0.Task2.V0.Lib", "Tyuiu.SenachevAV.Sprint0.Task2.V0.Lib\Tyuiu.SenachevAV.Sprint0.Task2.V0.Lib.csproj", "{AD812708-27AB-4E8A-B213-4DE7D22814E1}"
EndProject
Project("{9A19103F-16F7-4668-BE54-9A1E7A4F7556}") = "Tyuiu.SenachevAV.Sprint0.Task2.V0.Test", "Tyuiu.SenachevAV.Sprint0.Task2.V0.Test\Tyuiu.SenachevAV.Sprint0.Task2.V0.Test.csproj", "{2DAA1A2B-9CF7-4357-A8CC-DA8B2B6F0F30}"
EndProject
Project("{2150E333-8FDC-42A3-9474-1A3956D46DE8}") = "Task3", "Task3", "{C7BF1588-6DDA-4E1F-8BC4-F59D6A2147DB}"
EndProject
Project("{9A19103F-16F7-4668-BE54-9A1E7A4F7556}") = "Tyuiu.SenachevAV.Sprint0.Task3.V0.Lib", "Tyuiu.SenachevAV.Sprint0.Task3.V0.Lib\Tyuiu.SenachevAV.Sprint0.Task3.V0.Lib.csproj", "{2ECE1982-4425-49E2-B431-5DF83B28B0D5}"
EndProject
Project("{9A19103F-16F7-4668-BE54-9A1E7A4F7556}") = "Tyuiu.SenachevAV.Sprint0.Task3.V0", "Tyuiu.SenachevAV.Sprint0.Task3.V0\Tyuiu.SenachevAV.Sprint0.Task3.V0.csproj", "{816F60A7-12E2-4ED6-8239-A73241A450A1}"
EndProject
Project("{9A19103F-16F7-4668-BE54-9A1E7A4F7556}") = "Tyuiu.SenachevAV.Sprint0.Task3.V0.Test", "Tyuiu.SenachevAV.Sprint0.Task3.V0.Test\Tyuiu.SenachevAV.Sprint0.Task3.V0.Test.csproj", "{2F78F3A1-0326-4399-8787-5FADBB89A43D}"
EndProject
Project("{2150E333-8FDC-42A3-9474-1A3956D46DE8}") = "Task4", "Task4", "{1D35E7E3-E3E8-4D9A-839C-E1EF90665E03}"
EndProject
Project("{9A19103F-16F7-4668-BE54-9A1E7A4F7556}") = "Tyuiu.SenachevAV.Sprint0.Task4.V0", "Tyuiu.SenachevAV.Sprint0.Task4.V0\Tyuiu.SenachevAV.Sprint0.Task4.V0.csproj", "{A764A1B7-D022-46C8-8907-157640868804}"
EndProject
Project("{9A19103F-16F7-4668-BE54-9A1E7A4F7556}") = "Tyuiu.SenachevAV.Sprint0.Task4.V0.Test", "Tyuiu.SenachevAV.Sprint0.Task4.V0.Test\Tyuiu.SenachevAV.Sprint0.Task4.V0.Test.csproj", "{3CE2D669-AEA8-4EF5-9B7F-6E93EFDB9BFA}"
EndProject
Project("{9A19103F-16F7-4668-BE54-9A1E7A4F7556}") = "Tyuiu.SenachevAV.Sprint0.Task4.V0.Lib", "Tyuiu.SenachevAV.Sprint0.Task4.V0.Lib\Tyuiu.SenachevAV.Sprint0.Task4.V0.Lib.csproj", "{BF1ACFB0-D296-45DE-927C-010E2291716E}"
EndProject
Project("{2150E333-8FDC-42A3-9474-1A3956D46DE8}") = "Task5", "Task5", "{28BE1150-33C8-4F0B-A0C4-E289F9AB4058}"
EndProject
Project("{2150E333-8FDC-42A3-9474-1A3956D46DE8}") = "Task6", "Task6", "{CCB2E019-3FFD-460C-9767-DC02EB4A5C77}"
EndProject
Project("{2150E333-8FDC-42A3-9474-1A3956D46DE8}") = "Task7", "Task7", "{BE8A4F61-0B9B-42B6-9E86-49C0897892D7}"
EndProject
Project("{FAE04EC0-301F-11D3-BF4B-00C04F79EFBC}") = "Tyuiu.SenachevAV.Sprint0.Task5.V0.Test", "Tyuiu.SenachevAV.Sprint0.Task5.V0.Test\Tyuiu.SenachevAV.Sprint0.Task5.V0.Test.csproj", "{EC156EF6-D1D2-42DB-861A-04671A1F53FE}"
EndProject
Project("{FAE04EC0-301F-11D3-BF4B-00C04F79EFBC}") = "Tyuiu.SenachevAV.Sprint0.Task5.V0.Lib", "Tyuiu.SenachevAV.Sprint0.Task5.V0.Lib\Tyuiu.SenachevAV.Sprint0.Task5.V0.Lib.csproj", "{76FE1963-C3AA-4DE7-B4E2-388F970E757C}"
EndProject
Project("{FAE04EC0-301F-11D3-BF4B-00C04F79EFBC}") = "Tyuiu.SenachevAV.Sprint0.Task5.V0.", "Tyuiu.SenachevAV.Sprint0.Task5.V0\Tyuiu.SenachevAV.Sprint0.Task5.V0..csproj", "{CE3A33F6-012D-40B3-94BD-09F30836FEFE}"
EndProject
Global
	GlobalSection(SolutionConfigurationPlatforms) = preSolution
		Debug|Any CPU = Debug|Any CPU
		Release|Any CPU = Release|Any CPU
	EndGlobalSection
	GlobalSection(ProjectConfigurationPlatforms) = postSolution
		{1C06389C-9ACD-4977-8F07-160AB5A07777}.Debug|Any CPU.ActiveCfg = Debug|Any CPU
		{1C06389C-9ACD-4977-8F07-160AB5A07777}.Debug|Any CPU.Build.0 = Debug|Any CPU
		{1C06389C-9ACD-4977-8F07-160AB5A07777}.Release|Any CPU.ActiveCfg = Release|Any CPU
		{1C06389C-9ACD-4977-8F07-160AB5A07777}.Release|Any CPU.Build.0 = Release|Any CPU
		{DADB656C-168E-4854-AFD6-122540C8E7D9}.Debug|Any CPU.ActiveCfg = Debug|Any CPU
		{DADB656C-168E-4854-AFD6-122540C8E7D9}.Debug|Any CPU.Build.0 = Debug|Any CPU
		{DADB656C-168E-4854-AFD6-122540C8E7D9}.Release|Any CPU.ActiveCfg = Release|Any CPU
		{DADB656C-168E-4854-AFD6-122540C8E7D9}.Release|Any CPU.Build.0 = Release|Any CPU
		{E593A293-B591-4BBA-81E4-7D9B5D568423}.Debug|Any CPU.ActiveCfg = Debug|Any CPU
		{E593A293-B591-4BBA-81E4-7D9B5D568423}.Debug|Any CPU.Build.0 = Debug|Any CPU
		{E593A293-B591-4BBA-81E4-7D9B5D568423}.Release|Any CPU.ActiveCfg = Release|Any CPU
		{E593A293-B591-4BBA-81E4-7D9B5D568423}.Release|Any CPU.Build.0 = Release|Any CPU
		{AD812708-27AB-4E8A-B213-4DE7D22814E1}.Debug|Any CPU.ActiveCfg = Debug|Any CPU
		{AD812708-27AB-4E8A-B213-4DE7D22814E1}.Debug|Any CPU.Build.0 = Debug|Any CPU
		{AD812708-27AB-4E8A-B213-4DE7D22814E1}.Release|Any CPU.ActiveCfg = Release|Any CPU
		{AD812708-27AB-4E8A-B213-4DE7D22814E1}.Release|Any CPU.Build.0 = Release|Any CPU
		{2DAA1A2B-9CF7-4357-A8CC-DA8B2B6F0F30}.Debug|Any CPU.ActiveCfg = Debug|Any CPU
		{2DAA1A2B-9CF7-4357-A8CC-DA8B2B6F0F30}.Debug|Any CPU.Build.0 = Debug|Any CPU
		{2DAA1A2B-9CF7-4357-A8CC-DA8B2B6F0F30}.Release|Any CPU.ActiveCfg = Release|Any CPU
		{2DAA1A2B-9CF7-4357-A8CC-DA8B2B6F0F30}.Release|Any CPU.Build.0 = Release|Any CPU
		{2ECE1982-4425-49E2-B431-5DF83B28B0D5}.Debug|Any CPU.ActiveCfg = Debug|Any CPU
		{2ECE1982-4425-49E2-B431-5DF83B28B0D5}.Debug|Any CPU.Build.0 = Debug|Any CPU
		{2ECE1982-4425-49E2-B431-5DF83B28B0D5}.Release|Any CPU.ActiveCfg = Release|Any CPU
		{2ECE1982-4425-49E2-B431-5DF83B28B0D5}.Release|Any CPU.Build.0 = Release|Any CPU
		{816F60A7-12E2-4ED6-8239-A73241A450A1}.Debug|Any CPU.ActiveCfg = Debug|Any CPU
		{816F60A7-12E2-4ED6-8239-A73241A450A1}.Debug|Any CPU.Build.0 = Debug|Any CPU
		{816F60A7-12E2-4ED6-8239-A73241A450A1}.Release|Any CPU.ActiveCfg = Release|Any CPU
		{816F60A7-12E2-4ED6-8239-A73241A450A1}.Release|Any CPU.Build.0 = Release|Any CPU
		{2F78F3A1-0326-4399-8787-5FADBB89A43D}.Debug|Any CPU.ActiveCfg = Debug|Any CPU
		{2F78F3A1-0326-4399-8787-5FADBB89A43D}.Debug|Any CPU.Build.0 = Debug|Any CPU
		{2F78F3A1-0326-4399-8787-5FADBB89A43D}.Release|Any CPU.ActiveCfg = Release|Any CPU
		{2F78F3A1-0326-4399-8787-5FADBB89A43D}.Release|Any CPU.Build.0 = Release|Any CPU
		{A764A1B7-D022-46C8-8907-157640868804}.Debug|Any CPU.ActiveCfg = Debug|Any CPU
		{A764A1B7-D022-46C8-8907-157640868804}.Debug|Any CPU.Build.0 = Debug|Any CPU
		{A764A1B7-D022-46C8-8907-157640868804}.Release|Any CPU.ActiveCfg = Release|Any CPU
		{A764A1B7-D022-46C8-8907-157640868804}.Release|Any CPU.Build.0 = Release|Any CPU
		{3CE2D669-AEA8-4EF5-9B7F-6E93EFDB9BFA}.Debug|Any CPU.ActiveCfg = Debug|Any CPU
		{3CE2D669-AEA8-4EF5-9B7F-6E93EFDB9BFA}.Debug|Any CPU.Build.0 = Debug|Any CPU
		{3CE2D669-AEA8-4EF5-9B7F-6E93EFDB9BFA}.Release|Any CPU.ActiveCfg = Release|Any CPU
		{3CE2D669-AEA8-4EF5-9B7F-6E93EFDB9BFA}.Release|Any CPU.Build.0 = Release|Any CPU
		{BF1ACFB0-D296-45DE-927C-010E2291716E}.Debug|Any CPU.ActiveCfg = Debug|Any CPU
		{BF1ACFB0-D296-45DE-927C-010E2291716E}.Debug|Any CPU.Build.0 = Debug|Any CPU
		{BF1ACFB0-D296-45DE-927C-010E2291716E}.Release|Any CPU.ActiveCfg = Release|Any CPU
		{BF1ACFB0-D296-45DE-927C-010E2291716E}.Release|Any CPU.Build.0 = Release|Any CPU
		{EC156EF6-D1D2-42DB-861A-04671A1F53FE}.Debug|Any CPU.ActiveCfg = Debug|Any CPU
		{EC156EF6-D1D2-42DB-861A-04671A1F53FE}.Debug|Any CPU.Build.0 = Debug|Any CPU
		{EC156EF6-D1D2-42DB-861A-04671A1F53FE}.Release|Any CPU.ActiveCfg = Release|Any CPU
		{EC156EF6-D1D2-42DB-861A-04671A1F53FE}.Release|Any CPU.Build.0 = Release|Any CPU
		{76FE1963-C3AA-4DE7-B4E2-388F970E757C}.Debug|Any CPU.ActiveCfg = Debug|Any CPU
		{76FE1963-C3AA-4DE7-B4E2-388F970E757C}.Debug|Any CPU.Build.0 = Debug|Any CPU
		{76FE1963-C3AA-4DE7-B4E2-388F970E757C}.Release|Any CPU.ActiveCfg = Release|Any CPU
		{76FE1963-C3AA-4DE7-B4E2-388F970E757C}.Release|Any CPU.Build.0 = Release|Any CPU
		{CE3A33F6-012D-40B3-94BD-09F30836FEFE}.Debug|Any CPU.ActiveCfg = Debug|Any CPU
		{CE3A33F6-012D-40B3-94BD-09F30836FEFE}.Debug|Any CPU.Build.0 = Debug|Any CPU
		{CE3A33F6-012D-40B3-94BD-09F30836FEFE}.Release|Any CPU.ActiveCfg = Release|Any CPU
		{CE3A33F6-012D-40B3-94BD-09F30836FEFE}.Release|Any CPU.Build.0 = Release|Any CPU
	EndGlobalSection
	GlobalSection(SolutionProperties) = preSolution
		HideSolutionNode = FALSE
	EndGlobalSection
	GlobalSection(NestedProjects) = preSolution
		{1C06389C-9ACD-4977-8F07-160AB5A07777} = {33E2CADB-270F-4D0A-828E-0AC69021BA52}
		{DADB656C-168E-4854-AFD6-122540C8E7D9} = {AC33BE8A-CE38-41F0-85AA-3C1E2517453A}
		{E593A293-B591-4BBA-81E4-7D9B5D568423} = {74B49414-E30C-4C2E-A540-20C40E2FC3E9}
		{AD812708-27AB-4E8A-B213-4DE7D22814E1} = {74B49414-E30C-4C2E-A540-20C40E2FC3E9}
		{2DAA1A2B-9CF7-4357-A8CC-DA8B2B6F0F30} = {74B49414-E30C-4C2E-A540-20C40E2FC3E9}
		{2ECE1982-4425-49E2-B431-5DF83B28B0D5} = {C7BF1588-6DDA-4E1F-8BC4-F59D6A2147DB}
		{816F60A7-12E2-4ED6-8239-A73241A450A1} = {C7BF1588-6DDA-4E1F-8BC4-F59D6A2147DB}
		{2F78F3A1-0326-4399-8787-5FADBB89A43D} = {C7BF1588-6DDA-4E1F-8BC4-F59D6A2147DB}
		{A764A1B7-D022-46C8-8907-157640868804} = {1D35E7E3-E3E8-4D9A-839C-E1EF90665E03}
		{3CE2D669-AEA8-4EF5-9B7F-6E93EFDB9BFA} = {1D35E7E3-E3E8-4D9A-839C-E1EF90665E03}
		{BF1ACFB0-D296-45DE-927C-010E2291716E} = {1D35E7E3-E3E8-4D9A-839C-E1EF90665E03}
		{EC156EF6-D1D2-42DB-861A-04671A1F53FE} = {28BE1150-33C8-4F0B-A0C4-E289F9AB4058}
		{76FE1963-C3AA-4DE7-B4E2-388F970E757C} = {28BE1150-33C8-4F0B-A0C4-E289F9AB4058}
		{CE3A33F6-012D-40B3-94BD-09F30836FEFE} = {28BE1150-33C8-4F0B-A0C4-E289F9AB4058}
	EndGlobalSection
	GlobalSection(ExtensibilityGlobals) = postSolution
		SolutionGuid = {614BA7BC-F177-439C-9520-AE6D577D0AC2}
	EndGlobalSection
EndGlobal
